{
  "name": "simple_app-fe",
  "version": "1.0.0",
  "lockfileVersion": 1,
  "requires": true,
  "dependencies": {
    "js-base64": {
      "version": "2.6.4",
      "resolved": "https://registry.npmjs.org/js-base64/-/js-base64-2.6.4.tgz",
      "integrity": "sha512-pZe//GGmwJndub7ZghVHz7vjb2LgC1m8B07Au3eYqeqv9emhESByMXxaEgkUkEqJe87oBbSniGYoQNIBklc7IQ=="
    },
    "scss-tokenizer": {
      "version": "0.4.3",
      "resolved": "https://registry.npmjs.org/scss-tokenizer/-/scss-tokenizer-0.4.3.tgz",
      "integrity": "sha512-raKLgf1LI5QMQnG+RxHz6oK0sL3x3I4FN2UDLqgLOGO8hodECNnNh5BXn7fAyBxrA8zVzdQizQ6XjNJQ+uBwMw==",
      "requires": {
        "js-base64": "^2.4.9",
        "source-map": "^0.7.3"
      },
      "dependencies": {
        "source-map": {
          "version": "0.7.4",
          "resolved": "https://registry.npmjs.org/source-map/-/source-map-0.7.4.tgz",
          "integrity": "sha512-l3BikUxvPOcn5E74dZiq5BGsTb5yEwhaTSzccU6t4sDOH8NWJCstKO5QT2CvtFoK6F0saL7p9xHAqHOlCPJygA=="
        }
      }
    }
  }
}
